// !$*UTF8*$!
{
	archiveVersion = 1;
	classes = {
	};
	objectVersion = 55;
	objects = {

/* Begin PBXBuildFile section */
		05DA1EAD28379B840007499E /* AppDelegate.swift in Sources */ = {isa = PBXBuildFile; fileRef = 05DA1EAC28379B840007499E /* AppDelegate.swift */; };
		05DA1EAF28379B840007499E /* SceneDelegate.swift in Sources */ = {isa = PBXBuildFile; fileRef = 05DA1EAE28379B840007499E /* SceneDelegate.swift */; };
		05DA1EB128379B840007499E /* ViewController.swift in Sources */ = {isa = PBXBuildFile; fileRef = 05DA1EB028379B840007499E /* ViewController.swift */; };
		05DA1EB428379B840007499E /* Main.storyboard in Resources */ = {isa = PBXBuildFile; fileRef = 05DA1EB228379B840007499E /* Main.storyboard */; };
		05DA1EB628379B870007499E /* Assets.xcassets in Resources */ = {isa = PBXBuildFile; fileRef = 05DA1EB528379B870007499E /* Assets.xcassets */; };
		05DA1EB928379B870007499E /* LaunchScreen.storyboard in Resources */ = {isa = PBXBuildFile; fileRef = 05DA1EB728379B870007499E /* LaunchScreen.storyboard */; };
		05DA1EDA283818E60007499E /* TableViewController.swift in Sources */ = {isa = PBXBuildFile; fileRef = 05DA1ED9283818E60007499E /* TableViewController.swift */; };
		05DA1EDE28381D340007499E /* ModelPerformer.xcdatamodeld in Sources */ = {isa = PBXBuildFile; fileRef = 05DA1EDC28381D330007499E /* ModelPerformer.xcdatamodeld */; };
		05DA1EE92839BE370007499E /* Performer+CoreDataClass.swift in Sources */ = {isa = PBXBuildFile; fileRef = 05DA1EE72839BE370007499E /* Performer+CoreDataClass.swift */; };
		05DA1EEA2839BE370007499E /* Performer+CoreDataProperties.swift in Sources */ = {isa = PBXBuildFile; fileRef = 05DA1EE82839BE370007499E /* Performer+CoreDataProperties.swift */; };
		05DA1EEE283D28960007499E /* PopTableViewController.swift in Sources */ = {isa = PBXBuildFile; fileRef = 05DA1EED283D28960007499E /* PopTableViewController.swift */; };
		36D6ECBFBD3FE8C190331572 /* Pods_Task_CoreData.framework in Frameworks */ = {isa = PBXBuildFile; fileRef = 44F39AA0ED26F518B5D5FF08 /* Pods_Task_CoreData.framework */; };
/* End PBXBuildFile section */

/* Begin PBXFileReference section */
		05DA1EA928379B840007499E /* Task_CoreData.app */ = {isa = PBXFileReference; explicitFileType = wrapper.application; includeInIndex = 0; path = Task_CoreData.app; sourceTree = BUILT_PRODUCTS_DIR; };
		05DA1EAC28379B840007499E /* AppDelegate.swift */ = {isa = PBXFileReference; lastKnownFileType = sourcecode.swift; path = AppDelegate.swift; sourceTree = "<group>"; };
		05DA1EAE28379B840007499E /* SceneDelegate.swift */ = {isa = PBXFileReference; lastKnownFileType = sourcecode.swift; path = SceneDelegate.swift; sourceTree = "<group>"; };
		05DA1EB028379B840007499E /* ViewController.swift */ = {isa = PBXFileReference; lastKnownFileType = sourcecode.swift; path = ViewController.swift; sourceTree = "<group>"; };
		05DA1EB328379B840007499E /* Base */ = {isa = PBXFileReference; lastKnownFileType = file.storyboard; name = Base; path = Base.lproj/Main.storyboard; sourceTree = "<group>"; };
		05DA1EB528379B870007499E /* Assets.xcassets */ = {isa = PBXFileReference; lastKnownFileType = folder.assetcatalog; path = Assets.xcassets; sourceTree = "<group>"; };
		05DA1EB828379B870007499E /* Base */ = {isa = PBXFileReference; lastKnownFileType = file.storyboard; name = Base; path = Base.lproj/LaunchScreen.storyboard; sourceTree = "<group>"; };
		05DA1EBA28379B870007499E /* Info.plist */ = {isa = PBXFileReference; lastKnownFileType = text.plist.xml; path = Info.plist; sourceTree = "<group>"; };
		05DA1ED9283818E60007499E /* TableViewController.swift */ = {isa = PBXFileReference; lastKnownFileType = sourcecode.swift; path = TableViewController.swift; sourceTree = "<group>"; };
		05DA1EDD28381D330007499E /* ModelPerformer.xcdatamodel */ = {isa = PBXFileReference; lastKnownFileType = wrapper.xcdatamodel; path = ModelPerformer.xcdatamodel; sourceTree = "<group>"; };
		05DA1EE72839BE370007499E /* Performer+CoreDataClass.swift */ = {isa = PBXFileReference; lastKnownFileType = sourcecode.swift; path = "Performer+CoreDataClass.swift"; sourceTree = SOURCE_ROOT; };
		05DA1EE82839BE370007499E /* Performer+CoreDataProperties.swift */ = {isa = PBXFileReference; lastKnownFileType = sourcecode.swift; path = "Performer+CoreDataProperties.swift"; sourceTree = SOURCE_ROOT; };
		05DA1EED283D28960007499E /* PopTableViewController.swift */ = {isa = PBXFileReference; lastKnownFileType = sourcecode.swift; path = PopTableViewController.swift; sourceTree = "<group>"; };
		17A98F0D5A9823B7723A3B1C /* Pods-Task_CoreData.debug.xcconfig */ = {isa = PBXFileReference; includeInIndex = 1; lastKnownFileType = text.xcconfig; name = "Pods-Task_CoreData.debug.xcconfig"; path = "Target Support Files/Pods-Task_CoreData/Pods-Task_CoreData.debug.xcconfig"; sourceTree = "<group>"; };
		44F39AA0ED26F518B5D5FF08 /* Pods_Task_CoreData.framework */ = {isa = PBXFileReference; explicitFileType = wrapper.framework; includeInIndex = 0; path = Pods_Task_CoreData.framework; sourceTree = BUILT_PRODUCTS_DIR; };
		7D73CF4FCAA2D90CF233452F /* Pods-Task_CoreData.release.xcconfig */ = {isa = PBXFileReference; includeInIndex = 1; lastKnownFileType = text.xcconfig; name = "Pods-Task_CoreData.release.xcconfig"; path = "Target Support Files/Pods-Task_CoreData/Pods-Task_CoreData.release.xcconfig"; sourceTree = "<group>"; };
/* End PBXFileReference section */

/* Begin PBXFrameworksBuildPhase section */
		05DA1EA628379B840007499E /* Frameworks */ = {
			isa = PBXFrameworksBuildPhase;
			buildActionMask = 2147483647;
			files = (
				36D6ECBFBD3FE8C190331572 /* Pods_Task_CoreData.framework in Frameworks */,
			);
			runOnlyForDeploymentPostprocessing = 0;
		};
/* End PBXFrameworksBuildPhase section */

/* Begin PBXGroup section */
		05DA1EA028379B840007499E = {
			isa = PBXGroup;
			children = (
				05DA1EAB28379B840007499E /* Task_CoreData */,
				05DA1EAA28379B840007499E /* Products */,
				DECDD10BD0D11F48980670C2 /* Pods */,
				B1956F3C33796835A285704E /* Frameworks */,
			);
			sourceTree = "<group>";
		};
		05DA1EAA28379B840007499E /* Products */ = {
			isa = PBXGroup;
			children = (
				05DA1EA928379B840007499E /* Task_CoreData.app */,
			);
			name = Products;
			sourceTree = "<group>";
		};
		05DA1EAB28379B840007499E /* Task_CoreData */ = {
			isa = PBXGroup;
			children = (
				05DA1EDB28381B870007499E /* ModelPerformer */,
				05DA1EAC28379B840007499E /* AppDelegate.swift */,
				05DA1EAE28379B840007499E /* SceneDelegate.swift */,
				05DA1ED9283818E60007499E /* TableViewController.swift */,
				05DA1EED283D28960007499E /* PopTableViewController.swift */,
				05DA1EB028379B840007499E /* ViewController.swift */,
				05DA1EB228379B840007499E /* Main.storyboard */,
				05DA1EB528379B870007499E /* Assets.xcassets */,
				05DA1EB728379B870007499E /* LaunchScreen.storyboard */,
				05DA1EBA28379B870007499E /* Info.plist */,
				05DA1EDC28381D330007499E /* ModelPerformer.xcdatamodeld */,
			);
			path = Task_CoreData;
			sourceTree = "<group>";
		};
		05DA1EDB28381B870007499E /* ModelPerformer */ = {
			isa = PBXGroup;
			children = (
				05DA1EE72839BE370007499E /* Performer+CoreDataClass.swift */,
				05DA1EE82839BE370007499E /* Performer+CoreDataProperties.swift */,
			);
			path = ModelPerformer;
			sourceTree = "<group>";
		};
		B1956F3C33796835A285704E /* Frameworks */ = {
			isa = PBXGroup;
			children = (
				44F39AA0ED26F518B5D5FF08 /* Pods_Task_CoreData.framework */,
			);
			name = Frameworks;
			sourceTree = "<group>";
		};
		DECDD10BD0D11F48980670C2 /* Pods */ = {
			isa = PBXGroup;
			children = (
				17A98F0D5A9823B7723A3B1C /* Pods-Task_CoreData.debug.xcconfig */,
				7D73CF4FCAA2D90CF233452F /* Pods-Task_CoreData.release.xcconfig */,
			);
			path = Pods;
			sourceTree = "<group>";
		};
/* End PBXGroup section */

/* Begin PBXNativeTarget section */
		05DA1EA828379B840007499E /* Task_CoreData */ = {
			isa = PBXNativeTarget;
			buildConfigurationList = 05DA1EBD28379B870007499E /* Build configuration list for PBXNativeTarget "Task_CoreData" */;
			buildPhases = (
				65395D240B204FD824F23167 /* [CP] Check Pods Manifest.lock */,
				05DA1EA528379B840007499E /* Sources */,
				05DA1EA628379B840007499E /* Frameworks */,
				05DA1EA728379B840007499E /* Resources */,
				B378E41CF92CEE90BCB789D0 /* [CP] Embed Pods Frameworks */,
			);
			buildRules = (
			);
			dependencies = (
			);
			name = Task_CoreData;
			productName = Task_CoreData;
			productReference = 05DA1EA928379B840007499E /* Task_CoreData.app */;
			productType = "com.apple.product-type.application";
		};
/* End PBXNativeTarget section */

/* Begin PBXProject section */
		05DA1EA128379B840007499E /* Project object */ = {
			isa = PBXProject;
			attributes = {
				BuildIndependentTargetsInParallel = 1;
				LastSwiftUpdateCheck = 1320;
				LastUpgradeCheck = 1320;
				TargetAttributes = {
					05DA1EA828379B840007499E = {
						CreatedOnToolsVersion = 13.2.1;
					};
				};
			};
			buildConfigurationList = 05DA1EA428379B840007499E /* Build configuration list for PBXProject "Task_CoreData" */;
			compatibilityVersion = "Xcode 13.0";
			developmentRegion = en;
			hasScannedForEncodings = 0;
			knownRegions = (
				en,
				Base,
			);
			mainGroup = 05DA1EA028379B840007499E;
			productRefGroup = 05DA1EAA28379B840007499E /* Products */;
			projectDirPath = "";
			projectRoot = "";
			targets = (
				05DA1EA828379B840007499E /* Task_CoreData */,
			);
		};
/* End PBXProject section */

/* Begin PBXResourcesBuildPhase section */
		05DA1EA728379B840007499E /* Resources */ = {
			isa = PBXResourcesBuildPhase;
			buildActionMask = 2147483647;
			files = (
				05DA1EB928379B870007499E /* LaunchScreen.storyboard in Resources */,
				05DA1EB628379B870007499E /* Assets.xcassets in Resources */,
				05DA1EB428379B840007499E /* Main.storyboard in Resources */,
			);
			runOnlyForDeploymentPostprocessing = 0;
		};
/* End PBXResourcesBuildPhase section */

/* Begin PBXShellScriptBuildPhase section */
		65395D240B204FD824F23167 /* [CP] Check Pods Manifest.lock */ = {
			isa = PBXShellScriptBuildPhase;
			buildActionMask = 2147483647;
			files = (
			);
			inputFileListPaths = (
			);
			inputPaths = (
				"${PODS_PODFILE_DIR_PATH}/Podfile.lock",
				"${PODS_ROOT}/Manifest.lock",
			);
			name = "[CP] Check Pods Manifest.lock";
			outputFileListPaths = (
			);
			outputPaths = (
				"$(DERIVED_FILE_DIR)/Pods-Task_CoreData-checkManifestLockResult.txt",
			);
			runOnlyForDeploymentPostprocessing = 0;
			shellPath = /bin/sh;
			shellScript = "diff \"${PODS_PODFILE_DIR_PATH}/Podfile.lock\" \"${PODS_ROOT}/Manifest.lock\" > /dev/null\nif [ $? != 0 ] ; then\n    # print error to STDERR\n    echo \"error: The sandbox is not in sync with the Podfile.lock. Run 'pod install' or update your CocoaPods installation.\" >&2\n    exit 1\nfi\n# This output is used by Xcode 'outputs' to avoid re-running this script phase.\necho \"SUCCESS\" > \"${SCRIPT_OUTPUT_FILE_0}\"\n";
			showEnvVarsInLog = 0;
		};
		B378E41CF92CEE90BCB789D0 /* [CP] Embed Pods Frameworks */ = {
			isa = PBXShellScriptBuildPhase;
			buildActionMask = 2147483647;
			files = (
			);
			inputFileListPaths = (
				"${PODS_ROOT}/Target Support Files/Pods-Task_CoreData/Pods-Task_CoreData-frameworks-${CONFIGURATION}-input-files.xcfilelist",
			);
			name = "[CP] Embed Pods Frameworks";
			outputFileListPaths = (
				"${PODS_ROOT}/Target Support Files/Pods-Task_CoreData/Pods-Task_CoreData-frameworks-${CONFIGURATION}-output-files.xcfilelist",
			);
			runOnlyForDeploymentPostprocessing = 0;
			shellPath = /bin/sh;
			shellScript = "\"${PODS_ROOT}/Target Support Files/Pods-Task_CoreData/Pods-Task_CoreData-frameworks.sh\"\n";
			showEnvVarsInLog = 0;
		};
/* End PBXShellScriptBuildPhase section */

/* Begin PBXSourcesBuildPhase section */
		05DA1EA528379B840007499E /* Sources */ = {
			isa = PBXSourcesBuildPhase;
			buildActionMask = 2147483647;
			files = (
				05DA1EB128379B840007499E /* ViewController.swift in Sources */,
				05DA1EAD28379B840007499E /* AppDelegate.swift in Sources */,
				05DA1EEA2839BE370007499E /* Performer+CoreDataProperties.swift in Sources */,
				05DA1EE92839BE370007499E /* Performer+CoreDataClass.swift in Sources */,
				05DA1EAF28379B840007499E /* SceneDelegate.swift in Sources */,
				05DA1EEE283D28960007499E /* PopTableViewController.swift in Sources */,
				05DA1EDE28381D340007499E /* ModelPerformer.xcdatamodeld in Sources */,
				05DA1EDA283818E60007499E /* TableViewController.swift in Sources */,
			);
			runOnlyForDeploymentPostprocessing = 0;
		};
/* End PBXSourcesBuildPhase section */

/* Begin PBXVariantGroup section */
		05DA1EB228379B840007499E /* Main.storyboard */ = {
			isa = PBXVariantGroup;
			children = (
				05DA1EB328379B840007499E /* Base */,
			);
			name = Main.storyboard;
			sourceTree = "<group>";
		};
		05DA1EB728379B870007499E /* LaunchScreen.storyboard */ = {
			isa = PBXVariantGroup;
			children = (
				05DA1EB828379B870007499E /* Base */,
			);
			name = LaunchScreen.storyboard;
			sourceTree = "<group>";
		};
/* End PBXVariantGroup section */

/* Begin XCBuildConfiguration section */
		05DA1EBB28379B870007499E /* Debug */ = {
			isa = XCBuildConfiguration;
			buildSettings = {
				ALWAYS_SEARCH_USER_PATHS = NO;
				CLANG_ANALYZER_NONNULL = YES;
				CLANG_ANALYZER_NUMBER_OBJECT_CONVERSION = YES_AGGRESSIVE;
				CLANG_CXX_LANGUAGE_STANDARD = "gnu++17";
				CLANG_CXX_LIBRARY = "libc++";
				CLANG_ENABLE_MODULES = YES;
				CLANG_ENABLE_OBJC_ARC = YES;
				CLANG_ENABLE_OBJC_WEAK = YES;
				CLANG_WARN_BLOCK_CAPTURE_AUTORELEASING = YES;
				CLANG_WARN_BOOL_CONVERSION = YES;
				CLANG_WARN_COMMA = YES;
				CLANG_WARN_CONSTANT_CONVERSION = YES;
				CLANG_WARN_DEPRECATED_OBJC_IMPLEMENTATIONS = YES;
				CLANG_WARN_DIRECT_OBJC_ISA_USAGE = YES_ERROR;
				CLANG_WARN_DOCUMENTATION_COMMENTS = YES;
				CLANG_WARN_EMPTY_BODY = YES;
				CLANG_WARN_ENUM_CONVERSION = YES;
				CLANG_WARN_INFINITE_RECURSION = YES;
				CLANG_WARN_INT_CONVERSION = YES;
				CLANG_WARN_NON_LITERAL_NULL_CONVERSION = YES;
				CLANG_WARN_OBJC_IMPLICIT_RETAIN_SELF = YES;
				CLANG_WARN_OBJC_LITERAL_CONVERSION = YES;
				CLANG_WARN_OBJC_ROOT_CLASS = YES_ERROR;
				CLANG_WARN_QUOTED_INCLUDE_IN_FRAMEWORK_HEADER = YES;
				CLANG_WARN_RANGE_LOOP_ANALYSIS = YES;
				CLANG_WARN_STRICT_PROTOTYPES = YES;
				CLANG_WARN_SUSPICIOUS_MOVE = YES;
				CLANG_WARN_UNGUARDED_AVAILABILITY = YES_AGGRESSIVE;
				CLANG_WARN_UNREACHABLE_CODE = YES;
				CLANG_WARN__DUPLICATE_METHOD_MATCH = YES;
				COPY_PHASE_STRIP = NO;
				DEBUG_INFORMATION_FORMAT = dwarf;
				ENABLE_STRICT_OBJC_MSGSEND = YES;
				ENABLE_TESTABILITY = YES;
				GCC_C_LANGUAGE_STANDARD = gnu11;
				GCC_DYNAMIC_NO_PIC = NO;
				GCC_NO_COMMON_BLOCKS = YES;
				GCC_OPTIMIZATION_LEVEL = 0;
				GCC_PREPROCESSOR_DEFINITIONS = (
					"DEBUG=1",
					"$(inherited)",
				);
				GCC_WARN_64_TO_32_BIT_CONVERSION = YES;
				GCC_WARN_ABOUT_RETURN_TYPE = YES_ERROR;
				GCC_WARN_UNDECLARED_SELECTOR = YES;
				GCC_WARN_UNINITIALIZED_AUTOS = YES_AGGRESSIVE;
				GCC_WARN_UNUSED_FUNCTION = YES;
				GCC_WARN_UNUSED_VARIABLE = YES;
				IPHONEOS_DEPLOYMENT_TARGET = 15.2;
				MTL_ENABLE_DEBUG_INFO = INCLUDE_SOURCE;
				MTL_FAST_MATH = YES;
				ONLY_ACTIVE_ARCH = YES;
				SDKROOT = iphoneos;
				SWIFT_ACTIVE_COMPILATION_CONDITIONS = DEBUG;
				SWIFT_OPTIMIZATION_LEVEL = "-Onone";
			};
			name = Debug;
		};
		05DA1EBC28379B870007499E /* Release */ = {
			isa = XCBuildConfiguration;
			buildSettings = {
				ALWAYS_SEARCH_USER_PATHS = NO;
				CLANG_ANALYZER_NONNULL = YES;
				CLANG_ANALYZER_NUMBER_OBJECT_CONVERSION = YES_AGGRESSIVE;
				CLANG_CXX_LANGUAGE_STANDARD = "gnu++17";
				CLANG_CXX_LIBRARY = "libc++";
				CLANG_ENABLE_MODULES = YES;
				CLANG_ENABLE_OBJC_ARC = YES;
				CLANG_ENABLE_OBJC_WEAK = YES;
				CLANG_WARN_BLOCK_CAPTURE_AUTORELEASING = YES;
				CLANG_WARN_BOOL_CONVERSION = YES;
				CLANG_WARN_COMMA = YES;
				CLANG_WARN_CONSTANT_CONVERSION = YES;
				CLANG_WARN_DEPRECATED_OBJC_IMPLEMENTATIONS = YES;
				CLANG_WARN_DIRECT_OBJC_ISA_USAGE = YES_ERROR;
				CLANG_WARN_DOCUMENTATION_COMMENTS = YES;
				CLANG_WARN_EMPTY_BODY = YES;
				CLANG_WARN_ENUM_CONVERSION = YES;
				CLANG_WARN_INFINITE_RECURSION = YES;
				CLANG_WARN_INT_CONVERSION = YES;
				CLANG_WARN_NON_LITERAL_NULL_CONVERSION = YES;
				CLANG_WARN_OBJC_IMPLICIT_RETAIN_SELF = YES;
				CLANG_WARN_OBJC_LITERAL_CONVERSION = YES;
				CLANG_WARN_OBJC_ROOT_CLASS = YES_ERROR;
				CLANG_WARN_QUOTED_INCLUDE_IN_FRAMEWORK_HEADER = YES;
				CLANG_WARN_RANGE_LOOP_ANALYSIS = YES;
				CLANG_WARN_STRICT_PROTOTYPES = YES;
				CLANG_WARN_SUSPICIOUS_MOVE = YES;
				CLANG_WARN_UNGUARDED_AVAILABILITY = YES_AGGRESSIVE;
				CLANG_WARN_UNREACHABLE_CODE = YES;
				CLANG_WARN__DUPLICATE_METHOD_MATCH = YES;
				COPY_PHASE_STRIP = NO;
				DEBUG_INFORMATION_FORMAT = "dwarf-with-dsym";
				ENABLE_NS_ASSERTIONS = NO;
				ENABLE_STRICT_OBJC_MSGSEND = YES;
				GCC_C_LANGUAGE_STANDARD = gnu11;
				GCC_NO_COMMON_BLOCKS = YES;
				GCC_WARN_64_TO_32_BIT_CONVERSION = YES;
				GCC_WARN_ABOUT_RETURN_TYPE = YES_ERROR;
				GCC_WARN_UNDECLARED_SELECTOR = YES;
				GCC_WARN_UNINITIALIZED_AUTOS = YES_AGGRESSIVE;
				GCC_WARN_UNUSED_FUNCTION = YES;
				GCC_WARN_UNUSED_VARIABLE = YES;
				IPHONEOS_DEPLOYMENT_TARGET = 15.2;
				MTL_ENABLE_DEBUG_INFO = NO;
				MTL_FAST_MATH = YES;
				SDKROOT = iphoneos;
				SWIFT_COMPILATION_MODE = wholemodule;
				SWIFT_OPTIMIZATION_LEVEL = "-O";
				VALIDATE_PRODUCT = YES;
			};
			name = Release;
		};
		05DA1EBE28379B870007499E /* Debug */ = {
			isa = XCBuildConfiguration;
			baseConfigurationReference = 17A98F0D5A9823B7723A3B1C /* Pods-Task_CoreData.debug.xcconfig */;
			buildSettings = {
				ASSETCATALOG_COMPILER_APPICON_NAME = AppIcon;
				ASSETCATALOG_COMPILER_GLOBAL_ACCENT_COLOR_NAME = AccentColor;
				CODE_SIGN_STYLE = Automatic;
				CURRENT_PROJECT_VERSION = 1;
				GENERATE_INFOPLIST_FILE = YES;
				INFOPLIST_FILE = Task_CoreData/Info.plist;
				INFOPLIST_KEY_UIApplicationSupportsIndirectInputEvents = YES;
				INFOPLIST_KEY_UILaunchStoryboardName = LaunchScreen;
				INFOPLIST_KEY_UIMainStoryboardFile = Main;
				INFOPLIST_KEY_UISupportedInterfaceOrientations_iPad = "UIInterfaceOrientationPortrait UIInterfaceOrientationPortraitUpsideDown UIInterfaceOrientationLandscapeLeft UIInterfaceOrientationLandscapeRight";
				INFOPLIST_KEY_UISupportedInterfaceOrientations_iPhone = "UIInterfaceOrientationPortrait UIInterfaceOrientationLandscapeLeft UIInterfaceOrientationLandscapeRight";
				LD_RUNPATH_SEARCH_PATHS = (
					"$(inherited)",
					"@executable_path/Frameworks",
				);
				MARKETING_VERSION = 1.0;
				PRODUCT_BUNDLE_IDENTIFIER = "Nor1.Task-CoreData";
				PRODUCT_NAME = "$(TARGET_NAME)";
				SWIFT_EMIT_LOC_STRINGS = YES;
				SWIFT_VERSION = 5.0;
				TARGETED_DEVICE_FAMILY = "1,2";
			};
			name = Debug;
		};
		05DA1EBF28379B870007499E /* Release */ = {
			isa = XCBuildConfiguration;
			baseConfigurationReference = 7D73CF4FCAA2D90CF233452F /* Pods-Task_CoreData.release.xcconfig */;
			buildSettings = {
				ASSETCATALOG_COMPILER_APPICON_NAME = AppIcon;
				ASSETCATALOG_COMPILER_GLOBAL_ACCENT_COLOR_NAME = AccentColor;
				CODE_SIGN_STYLE = Automatic;
				CURRENT_PROJECT_VERSION = 1;
				GENERATE_INFOPLIST_FILE = YES;
				INFOPLIST_FILE = Task_CoreData/Info.plist;
				INFOPLIST_KEY_UIApplicationSupportsIndirectInputEvents = YES;
				INFOPLIST_KEY_UILaunchStoryboardName = LaunchScreen;
				INFOPLIST_KEY_UIMainStoryboardFile = Main;
				INFOPLIST_KEY_UISupportedInterfaceOrientations_iPad = "UIInterfaceOrientationPortrait UIInterfaceOrientationPortraitUpsideDown UIInterfaceOrientationLandscapeLeft UIInterfaceOrientationLandscapeRight";
				INFOPLIST_KEY_UISupportedInterfaceOrientations_iPhone = "UIInterfaceOrientationPortrait UIInterfaceOrientationLandscapeLeft UIInterfaceOrientationLandscapeRight";
				LD_RUNPATH_SEARCH_PATHS = (
					"$(inherited)",
					"@executable_path/Frameworks",
				);
				MARKETING_VERSION = 1.0;
				PRODUCT_BUNDLE_IDENTIFIER = "Nor1.Task-CoreData";
				PRODUCT_NAME = "$(TARGET_NAME)";
				SWIFT_EMIT_LOC_STRINGS = YES;
				SWIFT_VERSION = 5.0;
				TARGETED_DEVICE_FAMILY = "1,2";
			};
			name = Release;
		};
/* End XCBuildConfiguration section */

/* Begin XCConfigurationList section */
		05DA1EA428379B840007499E /* Build configuration list for PBXProject "Task_CoreData" */ = {
			isa = XCConfigurationList;
			buildConfigurations = (
				05DA1EBB28379B870007499E /* Debug */,
				05DA1EBC28379B870007499E /* Release */,
			);
			defaultConfigurationIsVisible = 0;
			defaultConfigurationName = Release;
		};
		05DA1EBD28379B870007499E /* Build configuration list for PBXNativeTarget "Task_CoreData" */ = {
			isa = XCConfigurationList;
			buildConfigurations = (
				05DA1EBE28379B870007499E /* Debug */,
				05DA1EBF28379B870007499E /* Release */,
			);
			defaultConfigurationIsVisible = 0;
			defaultConfigurationName = Release;
		};
/* End XCConfigurationList section */

/* Begin XCVersionGroup section */
		05DA1EDC28381D330007499E /* ModelPerformer.xcdatamodeld */ = {
			isa = XCVersionGroup;
			children = (
				05DA1EDD28381D330007499E /* ModelPerformer.xcdatamodel */,
			);
			currentVersion = 05DA1EDD28381D330007499E /* ModelPerformer.xcdatamodel */;
			path = ModelPerformer.xcdatamodeld;
			sourceTree = "<group>";
			versionGroupType = wrapper.xcdatamodel;
		};
/* End XCVersionGroup section */
	};
	rootObject = 05DA1EA128379B840007499E /* Project object */;
}
